
Microsoft Visual Studio Solution File, Format Version 12.00
# Visual Studio Version 16
VisualStudioVersion = 16.0.31205.134
MinimumVisualStudioVersion = 10.0.40219.1
Project("{FAE04EC0-301F-11D3-BF4B-00C04F79EFBC}") = "Login1", "Login1\Login1.csproj", "{796CE460-D7EF-4EE7-A84A-0D432951575A}"
EndProject
Global
	GlobalSection(SolutionConfigurationPlatforms) = preSolution
		Debug|Any CPU = Debug|Any CPU
		Release|Any CPU = Release|Any CPU
	EndGlobalSection
	GlobalSection(ProjectConfigurationPlatforms) = postSolution
		{796CE460-D7EF-4EE7-A84A-0D432951575A}.Debug|Any CPU.ActiveCfg = Debug|Any CPU
		{796CE460-D7EF-4EE7-A84A-0D432951575A}.Debug|Any CPU.Build.0 = Debug|Any CPU
		{796CE460-D7EF-4EE7-A84A-0D432951575A}.Release|Any CPU.ActiveCfg = Release|Any CPU
		{796CE460-D7EF-4EE7-A84A-0D432951575A}.Release|Any CPU.Build.0 = Release|Any CPU
	EndGlobalSection
	GlobalSection(SolutionProperties) = preSolution
		HideSolutionNode = FALSE
	EndGlobalSection
	GlobalSection(ExtensibilityGlobals) = postSolution
		SolutionGuid = {DB64D300-F1E4-4DF8-BC1C-A45DBC1412D9}
	EndGlobalSection
EndGlobal
